PODS:
  - Alamofire (4.9.1)
  - AlamofireImage (3.6.0):
    - Alamofire (~> 4.9)
  - MultiPlatformLibrary (0.1.0)
  - MultiPlatformLibraryMvvm (0.3.0):
    - MultiPlatformLibrary
    - MultiPlatformLibraryMvvm/AlamofireImage (= 0.3.0)
    - MultiPlatformLibraryMvvm/Core (= 0.3.0)
    - MultiPlatformLibraryMvvm/SkyFloatingLabelTextField (= 0.3.0)
  - MultiPlatformLibraryMvvm/AlamofireImage (0.3.0):
    - AlamofireImage
    - MultiPlatformLibrary
  - MultiPlatformLibraryMvvm/Core (0.3.0):
    - MultiPlatformLibrary
  - MultiPlatformLibraryMvvm/SkyFloatingLabelTextField (0.3.0):
    - MultiPlatformLibrary
    - SkyFloatingLabelTextField
  - MultiPlatformLibraryUnits/Core (0.1.0):
    - MultiPlatformLibrary
  - SkyFloatingLabelTextField (3.7.0)

DEPENDENCIES:
  - MultiPlatformLibrary (from `../mpp-library`)
  - MultiPlatformLibraryMvvm (from `https://github.com/icerockdev/moko-mvvm.git`, tag `release/0.4.0`)
  - MultiPlatformLibraryUnits/Core (from `https://github.com/icerockdev/moko-units.git`, tag `release/0.2.0-dev-2`)

SPEC REPOS:
  https://github.com/cocoapods/specs.git:
    - Alamofire
    - AlamofireImage
    - SkyFloatingLabelTextField

EXTERNAL SOURCES:
  MultiPlatformLibrary:
    :path: "../mpp-library"
  MultiPlatformLibraryMvvm:
    :git: https://github.com/icerockdev/moko-mvvm.git
    :tag: release/0.4.0
  MultiPlatformLibraryUnits:
    :git: https://github.com/icerockdev/moko-units.git
    :tag: release/0.2.0-dev-2

CHECKOUT OPTIONS:
  MultiPlatformLibraryMvvm:
    :git: https://github.com/icerockdev/moko-mvvm.git
    :tag: release/0.4.0
  MultiPlatformLibraryUnits:
    :git: https://github.com/icerockdev/moko-units.git
    :tag: release/0.2.0-dev-2

SPEC CHECKSUMS:
  Alamofire: 85e8a02c69d6020a0d734f6054870d7ecb75cf18
  AlamofireImage: be9963c6582d68b39e89191f64c82a7d7bf40fdd
  MultiPlatformLibrary: 176fb8ade516666cd47e93de1b71ba0441a541bb
  MultiPlatformLibraryMvvm: c6c10b121c623603ecc0184f7078935d3b3ed662
  MultiPlatformLibraryUnits: 73d19963493cf2afb9bf0db83b3fa6d78620f379
  SkyFloatingLabelTextField: 4b46db0ab1ccde0919cded29c656e6b4805eda04

PODFILE CHECKSUM: ffe6fa1a6a09fd7a6b3065daacd9722bc3638ae1

COCOAPODS: 1.7.5
